
Microsoft Visual Studio Solution File, Format Version 12.00
# Visual Studio Version 16
VisualStudioVersion = 16.0.31205.134
MinimumVisualStudioVersion = 10.0.40219.1
Project("{9A19103F-16F7-4668-BE54-9A1E7A4F7556}") = "Project2", "Project2.csproj", "{809570E8-C783-4D81-AC02-9FECB07B5BD8}"
EndProject
Global
	GlobalSection(SolutionConfigurationPlatforms) = preSolution
		Debug|Any CPU = Debug|Any CPU
		Release|Any CPU = Release|Any CPU
	EndGlobalSection
	GlobalSection(ProjectConfigurationPlatforms) = postSolution
		{809570E8-C783-4D81-AC02-9FECB07B5BD8}.Debug|Any CPU.ActiveCfg = Debug|Any CPU
		{809570E8-C783-4D81-AC02-9FECB07B5BD8}.Debug|Any CPU.Build.0 = Debug|Any CPU
		{809570E8-C783-4D81-AC02-9FECB07B5BD8}.Release|Any CPU.ActiveCfg = Release|Any CPU
		{809570E8-C783-4D81-AC02-9FECB07B5BD8}.Release|Any CPU.Build.0 = Release|Any CPU
	EndGlobalSection
	GlobalSection(SolutionProperties) = preSolution
		HideSolutionNode = FALSE
	EndGlobalSection
	GlobalSection(ExtensibilityGlobals) = postSolution
		SolutionGuid = {EB5347B3-3341-4DBE-A35B-D37076AA240C}
	EndGlobalSection
EndGlobal
